
Microsoft Visual Studio Solution File, Format Version 12.00
# Visual Studio Version 17
VisualStudioVersion = 17.9.34321.82
MinimumVisualStudioVersion = 10.0.40219.1
Project("{9A19103F-16F7-4668-BE54-9A1E7A4F7556}") = "AspNetCorePlayground", "src\AspNetCorePlayground\AspNetCorePlayground.csproj", "{C525CC72-6BCA-425C-9F87-14935C7A64C2}"
EndProject
Project("{FAE04EC0-301F-11D3-BF4B-00C04F79EFBC}") = "AspNetCorePlayground.WebApi.HttpIntegration", "test\AspNetCorePlayground.WebApi.HttpIntegration\AspNetCorePlayground.WebApi.HttpIntegration.csproj", "{CB5B07FA-D3E4-4AF8-B41E-891AF5AF2E8D}"
EndProject
Project("{2150E333-8FDC-42A3-9474-1A3956D46DE8}") = "src", "src", "{CD39AE35-F60E-45B4-8C9A-F762E8157E4E}"
EndProject
Project("{2150E333-8FDC-42A3-9474-1A3956D46DE8}") = "test", "test", "{57388BDF-5BDF-4D3B-8123-CEB2D1F30874}"
EndProject
Global
	GlobalSection(SolutionConfigurationPlatforms) = preSolution
		Debug|Any CPU = Debug|Any CPU
		Release|Any CPU = Release|Any CPU
	EndGlobalSection
	GlobalSection(ProjectConfigurationPlatforms) = postSolution
		{C525CC72-6BCA-425C-9F87-14935C7A64C2}.Debug|Any CPU.ActiveCfg = Debug|Any CPU
		{C525CC72-6BCA-425C-9F87-14935C7A64C2}.Debug|Any CPU.Build.0 = Debug|Any CPU
		{C525CC72-6BCA-425C-9F87-14935C7A64C2}.Release|Any CPU.ActiveCfg = Release|Any CPU
		{C525CC72-6BCA-425C-9F87-14935C7A64C2}.Release|Any CPU.Build.0 = Release|Any CPU
		{CB5B07FA-D3E4-4AF8-B41E-891AF5AF2E8D}.Debug|Any CPU.ActiveCfg = Debug|Any CPU
		{CB5B07FA-D3E4-4AF8-B41E-891AF5AF2E8D}.Debug|Any CPU.Build.0 = Debug|Any CPU
		{CB5B07FA-D3E4-4AF8-B41E-891AF5AF2E8D}.Release|Any CPU.ActiveCfg = Release|Any CPU
		{CB5B07FA-D3E4-4AF8-B41E-891AF5AF2E8D}.Release|Any CPU.Build.0 = Release|Any CPU
	EndGlobalSection
	GlobalSection(SolutionProperties) = preSolution
		HideSolutionNode = FALSE
	EndGlobalSection
	GlobalSection(ExtensibilityGlobals) = postSolution
		SolutionGuid = {74ED05B6-D411-43FF-B385-17D4BA915D72}
	EndGlobalSection
	GlobalSection(NestedProjects) = preSolution
		{C525CC72-6BCA-425C-9F87-14935C7A64C2} = {CD39AE35-F60E-45B4-8C9A-F762E8157E4E}
		{CB5B07FA-D3E4-4AF8-B41E-891AF5AF2E8D} = {57388BDF-5BDF-4D3B-8123-CEB2D1F30874}
	EndGlobalSection
EndGlobal
